<Solution>
  <Folder Name="/ModLibraries/">
    <Project Path="ModLibraries/ContentAPI/ContentAPI.csproj" />
  </Folder>
  <Folder Name="/Mods/">
    <Project Path="Mods/LocaleLoader/LocaleLoader.csproj" />
  </Folder>
  <Project Path="Ignitron.Loader.API/Ignitron.Loader.API.csproj" />
  <Project Path="Ignitron.Loader/Ignitron.Loader.csproj" />
</Solution>
